
Microsoft Visual Studio Solution File, Format Version 11.00
# Visual Studio 2010
Project("{FAE04EC0-301F-11D3-BF4B-00C04F79EFBC}") = "UnitySparks", "Assembly-CSharp.csproj", "{DE56721B-BB5A-085E-0722-AD591F8BCB69}"
EndProject
Global
	GlobalSection(SolutionConfigurationPlatforms) = preSolution
		Debug|Any CPU = Debug|Any CPU
		Release|Any CPU = Release|Any CPU
	EndGlobalSection
	GlobalSection(ProjectConfigurationPlatforms) = postSolution
		{DE56721B-BB5A-085E-0722-AD591F8BCB69}.Debug|Any CPU.ActiveCfg = Debug|Any CPU
		{DE56721B-BB5A-085E-0722-AD591F8BCB69}.Debug|Any CPU.Build.0 = Debug|Any CPU
		{DE56721B-BB5A-085E-0722-AD591F8BCB69}.Release|Any CPU.ActiveCfg = Release|Any CPU
		{DE56721B-BB5A-085E-0722-AD591F8BCB69}.Release|Any CPU.Build.0 = Release|Any CPU
	EndGlobalSection
	GlobalSection(SolutionProperties) = preSolution
		HideSolutionNode = FALSE
	EndGlobalSection
	GlobalSection(MonoDevelopProperties) = preSolution
		StartupItem = Assembly-CSharp.csproj
	EndGlobalSection
EndGlobal
